// !$*UTF8*$!
{
	archiveVersion = 1;
	classes = {
	};
	objectVersion = 46;
	objects = {

/* Begin PBXBuildFile section */
		627B60D41CF29DFD006E426D /* Foundation.framework in Frameworks */ = {isa = PBXBuildFile; fileRef = 627B60D31CF29DFD006E426D /* Foundation.framework */; };
		627B60D61CF29E04006E426D /* UIKit.framework in Frameworks */ = {isa = PBXBuildFile; fileRef = 627B60D51CF29E04006E426D /* UIKit.framework */; };
		627B60D81CF29E11006E426D /* CoreText.framework in Frameworks */ = {isa = PBXBuildFile; fileRef = 627B60D71CF29E11006E426D /* CoreText.framework */; };
		627B60DA1CF29E1B006E426D /* QuartzCore.framework in Frameworks */ = {isa = PBXBuildFile; fileRef = 627B60D91CF29E1B006E426D /* QuartzCore.framework */; };
		627B60DC1CF29E25006E426D /* ImageIO.framework in Frameworks */ = {isa = PBXBuildFile; fileRef = 627B60DB1CF29E25006E426D /* ImageIO.framework */; };
		627B60DE1CF29E79006E426D /* libz.tbd in Frameworks */ = {isa = PBXBuildFile; fileRef = 627B60DD1CF29E79006E426D /* libz.tbd */; };
		627B60E01CF29E8F006E426D /* libstdc++.tbd in Frameworks */ = {isa = PBXBuildFile; fileRef = 627B60DF1CF29E8F006E426D /* libstdc++.tbd */; };
		627B60E21CF29E9C006E426D /* CoreTelephony.framework in Frameworks */ = {isa = PBXBuildFile; fileRef = 627B60E11CF29E9C006E426D /* CoreTelephony.framework */; };
		627B60E41CF29EA9006E426D /* libsqlite3.tbd in Frameworks */ = {isa = PBXBuildFile; fileRef = 627B60E31CF29EA9006E426D /* libsqlite3.tbd */; };
		627B60E61CF29EB4006E426D /* CoreGraphics.framework in Frameworks */ = {isa = PBXBuildFile; fileRef = 627B60E51CF29EB4006E426D /* CoreGraphics.framework */; };
		627B60E81CF29ECC006E426D /* SystemConfiguration.framework in Frameworks */ = {isa = PBXBuildFile; fileRef = 627B60E71CF29ECC006E426D /* SystemConfiguration.framework */; };
		627B60EA1CF29EE0006E426D /* libiconv.tbd in Frameworks */ = {isa = PBXBuildFile; fileRef = 627B60E91CF29EE0006E426D /* libiconv.tbd */; };
		627B60EC1CF29EE9006E426D /* Security.framework in Frameworks */ = {isa = PBXBuildFile; fileRef = 627B60EB1CF29EE9006E426D /* Security.framework */; };
		627EF6611CEC5776005939F3 /* YanZheng.m in Sources */ = {isa = PBXBuildFile; fileRef = 627EF6601CEC5776005939F3 /* YanZheng.m */; };
		627EF6671CEC941B005939F3 /* CoreFoundation.framework in Frameworks */ = {isa = PBXBuildFile; fileRef = 627EF6661CEC941B005939F3 /* CoreFoundation.framework */; };
		627EF66F1CEC9C32005939F3 /* MeTableViewController.m in Sources */ = {isa = PBXBuildFile; fileRef = 627EF66D1CEC9C32005939F3 /* MeTableViewController.m */; };
		627EF6721CEC9C52005939F3 /* Main.storyboard in Resources */ = {isa = PBXBuildFile; fileRef = 627EF6711CEC9C52005939F3 /* Main.storyboard */; };
		627EF6761CEC9E03005939F3 /* RootViewController.m in Sources */ = {isa = PBXBuildFile; fileRef = 627EF6751CEC9E03005939F3 /* RootViewController.m */; };
		629FE4CC1CEB414C00BA1910 /* main.m in Sources */ = {isa = PBXBuildFile; fileRef = 629FE4CB1CEB414C00BA1910 /* main.m */; };
		629FE4CF1CEB414C00BA1910 /* AppDelegate.m in Sources */ = {isa = PBXBuildFile; fileRef = 629FE4CE1CEB414C00BA1910 /* AppDelegate.m */; };
		629FE4D21CEB414C00BA1910 /* ViewController.m in Sources */ = {isa = PBXBuildFile; fileRef = 629FE4D11CEB414C00BA1910 /* ViewController.m */; };
		629FE4D51CEB414C00BA1910 /* Login_Register.storyboard in Resources */ = {isa = PBXBuildFile; fileRef = 629FE4D31CEB414C00BA1910 /* Login_Register.storyboard */; };
		629FE4D71CEB414C00BA1910 /* Assets.xcassets in Resources */ = {isa = PBXBuildFile; fileRef = 629FE4D61CEB414C00BA1910 /* Assets.xcassets */; };
		629FE4DA1CEB414C00BA1910 /* LaunchScreen.storyboard in Resources */ = {isa = PBXBuildFile; fileRef = 629FE4D81CEB414C00BA1910 /* LaunchScreen.storyboard */; };
		629FE4E41CEB419C00BA1910 /* LoginViewController.m in Sources */ = {isa = PBXBuildFile; fileRef = 629FE4E31CEB419C00BA1910 /* LoginViewController.m */; };
		629FE4E81CEB41BB00BA1910 /* RegisterViewController.m in Sources */ = {isa = PBXBuildFile; fileRef = 629FE4E71CEB41BB00BA1910 /* RegisterViewController.m */; };
		906F8B3D87B202545C299090 /* libPods-GoHome.a in Frameworks */ = {isa = PBXBuildFile; fileRef = D524EEEB1D809BBB60165F5C /* libPods-GoHome.a */; };
/* End PBXBuildFile section */

/* Begin PBXFileReference section */
		492CE53A685769508EFB7117 /* Pods-GoHome.release.xcconfig */ = {isa = PBXFileReference; includeInIndex = 1; lastKnownFileType = text.xcconfig; name = "Pods-GoHome.release.xcconfig"; path = "Pods/Target Support Files/Pods-GoHome/Pods-GoHome.release.xcconfig"; sourceTree = "<group>"; };
		627B60D31CF29DFD006E426D /* Foundation.framework */ = {isa = PBXFileReference; lastKnownFileType = wrapper.framework; name = Foundation.framework; path = System/Library/Frameworks/Foundation.framework; sourceTree = SDKROOT; };
		627B60D51CF29E04006E426D /* UIKit.framework */ = {isa = PBXFileReference; lastKnownFileType = wrapper.framework; name = UIKit.framework; path = System/Library/Frameworks/UIKit.framework; sourceTree = SDKROOT; };
		627B60D71CF29E11006E426D /* CoreText.framework */ = {isa = PBXFileReference; lastKnownFileType = wrapper.framework; name = CoreText.framework; path = System/Library/Frameworks/CoreText.framework; sourceTree = SDKROOT; };
		627B60D91CF29E1B006E426D /* QuartzCore.framework */ = {isa = PBXFileReference; lastKnownFileType = wrapper.framework; name = QuartzCore.framework; path = System/Library/Frameworks/QuartzCore.framework; sourceTree = SDKROOT; };
		627B60DB1CF29E25006E426D /* ImageIO.framework */ = {isa = PBXFileReference; lastKnownFileType = wrapper.framework; name = ImageIO.framework; path = System/Library/Frameworks/ImageIO.framework; sourceTree = SDKROOT; };
		627B60DD1CF29E79006E426D /* libz.tbd */ = {isa = PBXFileReference; lastKnownFileType = "sourcecode.text-based-dylib-definition"; name = libz.tbd; path = usr/lib/libz.tbd; sourceTree = SDKROOT; };
		627B60DF1CF29E8F006E426D /* libstdc++.tbd */ = {isa = PBXFileReference; lastKnownFileType = "sourcecode.text-based-dylib-definition"; name = "libstdc++.tbd"; path = "usr/lib/libstdc++.tbd"; sourceTree = SDKROOT; };
		627B60E11CF29E9C006E426D /* CoreTelephony.framework */ = {isa = PBXFileReference; lastKnownFileType = wrapper.framework; name = CoreTelephony.framework; path = System/Library/Frameworks/CoreTelephony.framework; sourceTree = SDKROOT; };
		627B60E31CF29EA9006E426D /* libsqlite3.tbd */ = {isa = PBXFileReference; lastKnownFileType = "sourcecode.text-based-dylib-definition"; name = libsqlite3.tbd; path = usr/lib/libsqlite3.tbd; sourceTree = SDKROOT; };
		627B60E51CF29EB4006E426D /* CoreGraphics.framework */ = {isa = PBXFileReference; lastKnownFileType = wrapper.framework; name = CoreGraphics.framework; path = System/Library/Frameworks/CoreGraphics.framework; sourceTree = SDKROOT; };
		627B60E71CF29ECC006E426D /* SystemConfiguration.framework */ = {isa = PBXFileReference; lastKnownFileType = wrapper.framework; name = SystemConfiguration.framework; path = System/Library/Frameworks/SystemConfiguration.framework; sourceTree = SDKROOT; };
		627B60E91CF29EE0006E426D /* libiconv.tbd */ = {isa = PBXFileReference; lastKnownFileType = "sourcecode.text-based-dylib-definition"; name = libiconv.tbd; path = usr/lib/libiconv.tbd; sourceTree = SDKROOT; };
		627B60EB1CF29EE9006E426D /* Security.framework */ = {isa = PBXFileReference; lastKnownFileType = wrapper.framework; name = Security.framework; path = System/Library/Frameworks/Security.framework; sourceTree = SDKROOT; };
		627EF65F1CEC5776005939F3 /* YanZheng.h */ = {isa = PBXFileReference; fileEncoding = 4; lastKnownFileType = sourcecode.c.h; path = YanZheng.h; sourceTree = "<group>"; };
		627EF6601CEC5776005939F3 /* YanZheng.m */ = {isa = PBXFileReference; fileEncoding = 4; lastKnownFileType = sourcecode.c.objc; path = YanZheng.m; sourceTree = "<group>"; };
		627EF6661CEC941B005939F3 /* CoreFoundation.framework */ = {isa = PBXFileReference; lastKnownFileType = wrapper.framework; name = CoreFoundation.framework; path = System/Library/Frameworks/CoreFoundation.framework; sourceTree = SDKROOT; };
		627EF66C1CEC9C32005939F3 /* MeTableViewController.h */ = {isa = PBXFileReference; fileEncoding = 4; lastKnownFileType = sourcecode.c.h; path = MeTableViewController.h; sourceTree = "<group>"; };
		627EF66D1CEC9C32005939F3 /* MeTableViewController.m */ = {isa = PBXFileReference; fileEncoding = 4; lastKnownFileType = sourcecode.c.objc; path = MeTableViewController.m; sourceTree = "<group>"; };
		627EF6711CEC9C52005939F3 /* Main.storyboard */ = {isa = PBXFileReference; fileEncoding = 4; lastKnownFileType = file.storyboard; path = Main.storyboard; sourceTree = "<group>"; };
		627EF6741CEC9E03005939F3 /* RootViewController.h */ = {isa = PBXFileReference; fileEncoding = 4; lastKnownFileType = sourcecode.c.h; path = RootViewController.h; sourceTree = "<group>"; };
		627EF6751CEC9E03005939F3 /* RootViewController.m */ = {isa = PBXFileReference; fileEncoding = 4; lastKnownFileType = sourcecode.c.objc; path = RootViewController.m; sourceTree = "<group>"; };
		629FE4C71CEB414C00BA1910 /* GoHome.app */ = {isa = PBXFileReference; explicitFileType = wrapper.application; includeInIndex = 0; path = GoHome.app; sourceTree = BUILT_PRODUCTS_DIR; };
		629FE4CB1CEB414C00BA1910 /* main.m */ = {isa = PBXFileReference; lastKnownFileType = sourcecode.c.objc; path = main.m; sourceTree = "<group>"; };
		629FE4CD1CEB414C00BA1910 /* AppDelegate.h */ = {isa = PBXFileReference; lastKnownFileType = sourcecode.c.h; path = AppDelegate.h; sourceTree = "<group>"; };
		629FE4CE1CEB414C00BA1910 /* AppDelegate.m */ = {isa = PBXFileReference; lastKnownFileType = sourcecode.c.objc; path = AppDelegate.m; sourceTree = "<group>"; };
		629FE4D01CEB414C00BA1910 /* ViewController.h */ = {isa = PBXFileReference; lastKnownFileType = sourcecode.c.h; path = ViewController.h; sourceTree = "<group>"; };
		629FE4D11CEB414C00BA1910 /* ViewController.m */ = {isa = PBXFileReference; lastKnownFileType = sourcecode.c.objc; path = ViewController.m; sourceTree = "<group>"; };
		629FE4D41CEB414C00BA1910 /* Base */ = {isa = PBXFileReference; lastKnownFileType = file.storyboard; name = Base; path = Base.lproj/Login_Register.storyboard; sourceTree = "<group>"; };
		629FE4D61CEB414C00BA1910 /* Assets.xcassets */ = {isa = PBXFileReference; lastKnownFileType = folder.assetcatalog; path = Assets.xcassets; sourceTree = "<group>"; };
		629FE4D91CEB414C00BA1910 /* Base */ = {isa = PBXFileReference; lastKnownFileType = file.storyboard; name = Base; path = Base.lproj/LaunchScreen.storyboard; sourceTree = "<group>"; };
		629FE4DB1CEB414C00BA1910 /* Info.plist */ = {isa = PBXFileReference; lastKnownFileType = text.plist.xml; path = Info.plist; sourceTree = "<group>"; };
		629FE4E21CEB419C00BA1910 /* LoginViewController.h */ = {isa = PBXFileReference; fileEncoding = 4; lastKnownFileType = sourcecode.c.h; path = LoginViewController.h; sourceTree = "<group>"; };
		629FE4E31CEB419C00BA1910 /* LoginViewController.m */ = {isa = PBXFileReference; fileEncoding = 4; lastKnownFileType = sourcecode.c.objc; path = LoginViewController.m; sourceTree = "<group>"; };
		629FE4E61CEB41BB00BA1910 /* RegisterViewController.h */ = {isa = PBXFileReference; fileEncoding = 4; lastKnownFileType = sourcecode.c.h; path = RegisterViewController.h; sourceTree = "<group>"; };
		629FE4E71CEB41BB00BA1910 /* RegisterViewController.m */ = {isa = PBXFileReference; fileEncoding = 4; lastKnownFileType = sourcecode.c.objc; path = RegisterViewController.m; sourceTree = "<group>"; };
		BD06C1AADA06B50CC95A77E9 /* Pods-GoHome.debug.xcconfig */ = {isa = PBXFileReference; includeInIndex = 1; lastKnownFileType = text.xcconfig; name = "Pods-GoHome.debug.xcconfig"; path = "Pods/Target Support Files/Pods-GoHome/Pods-GoHome.debug.xcconfig"; sourceTree = "<group>"; };
		D524EEEB1D809BBB60165F5C /* libPods-GoHome.a */ = {isa = PBXFileReference; explicitFileType = archive.ar; includeInIndex = 0; path = "libPods-GoHome.a"; sourceTree = BUILT_PRODUCTS_DIR; };
/* End PBXFileReference section */

/* Begin PBXFrameworksBuildPhase section */
		629FE4C41CEB414C00BA1910 /* Frameworks */ = {
			isa = PBXFrameworksBuildPhase;
			buildActionMask = 2147483647;
			files = (
				627B60EC1CF29EE9006E426D /* Security.framework in Frameworks */,
				627B60EA1CF29EE0006E426D /* libiconv.tbd in Frameworks */,
				627B60E81CF29ECC006E426D /* SystemConfiguration.framework in Frameworks */,
				627B60E61CF29EB4006E426D /* CoreGraphics.framework in Frameworks */,
				627B60E41CF29EA9006E426D /* libsqlite3.tbd in Frameworks */,
				627B60E21CF29E9C006E426D /* CoreTelephony.framework in Frameworks */,
				627B60E01CF29E8F006E426D /* libstdc++.tbd in Frameworks */,
				627B60DE1CF29E79006E426D /* libz.tbd in Frameworks */,
				627B60DC1CF29E25006E426D /* ImageIO.framework in Frameworks */,
				627B60DA1CF29E1B006E426D /* QuartzCore.framework in Frameworks */,
				627B60D81CF29E11006E426D /* CoreText.framework in Frameworks */,
				627B60D61CF29E04006E426D /* UIKit.framework in Frameworks */,
				627B60D41CF29DFD006E426D /* Foundation.framework in Frameworks */,
				627EF6671CEC941B005939F3 /* CoreFoundation.framework in Frameworks */,
				906F8B3D87B202545C299090 /* libPods-GoHome.a in Frameworks */,
			);
			runOnlyForDeploymentPostprocessing = 0;
		};
/* End PBXFrameworksBuildPhase section */

/* Begin PBXGroup section */
		080A162661B02FE81B499902 /* Pods */ = {
			isa = PBXGroup;
			children = (
				BD06C1AADA06B50CC95A77E9 /* Pods-GoHome.debug.xcconfig */,
				492CE53A685769508EFB7117 /* Pods-GoHome.release.xcconfig */,
			);
			name = Pods;
			sourceTree = "<group>";
		};
		627EF6621CEC60F5005939F3 /* Third */ = {
			isa = PBXGroup;
			children = (
			);
			path = Third;
			sourceTree = "<group>";
		};
		627EF6681CEC9421005939F3 /* Frameworks */ = {
			isa = PBXGroup;
			children = (
				627B60EB1CF29EE9006E426D /* Security.framework */,
				627B60E91CF29EE0006E426D /* libiconv.tbd */,
				627B60E71CF29ECC006E426D /* SystemConfiguration.framework */,
				627B60E51CF29EB4006E426D /* CoreGraphics.framework */,
				627B60E31CF29EA9006E426D /* libsqlite3.tbd */,
				627B60E11CF29E9C006E426D /* CoreTelephony.framework */,
				627B60DF1CF29E8F006E426D /* libstdc++.tbd */,
				627B60DD1CF29E79006E426D /* libz.tbd */,
				627B60DB1CF29E25006E426D /* ImageIO.framework */,
				627B60D91CF29E1B006E426D /* QuartzCore.framework */,
				627B60D71CF29E11006E426D /* CoreText.framework */,
				627B60D51CF29E04006E426D /* UIKit.framework */,
				627B60D31CF29DFD006E426D /* Foundation.framework */,
				627EF6661CEC941B005939F3 /* CoreFoundation.framework */,
				D524EEEB1D809BBB60165F5C /* libPods-GoHome.a */,
			);
			name = Frameworks;
			sourceTree = "<group>";
		};
		627EF6691CEC97CC005939F3 /* Model */ = {
			isa = PBXGroup;
			children = (
				627EF65F1CEC5776005939F3 /* YanZheng.h */,
				627EF6601CEC5776005939F3 /* YanZheng.m */,
			);
			name = Model;
			sourceTree = "<group>";
		};
		627EF66A1CEC982C005939F3 /* Contrtollers */ = {
			isa = PBXGroup;
			children = (
				627EF66B1CEC9976005939F3 /* Main */,
				629FE4E11CEB417600BA1910 /* Login */,
				629FE4E51CEB41A100BA1910 /* Register */,
			);
			name = Contrtollers;
			path = Third;
			sourceTree = "<group>";
		};
		627EF66B1CEC9976005939F3 /* Main */ = {
			isa = PBXGroup;
			children = (
				627EF6711CEC9C52005939F3 /* Main.storyboard */,
				629FE4D31CEB414C00BA1910 /* Login_Register.storyboard */,
				627EF6741CEC9E03005939F3 /* RootViewController.h */,
				627EF6751CEC9E03005939F3 /* RootViewController.m */,
				627EF6731CEC9CAE005939F3 /* Me */,
			);
			name = Main;
			sourceTree = "<group>";
		};
		627EF6731CEC9CAE005939F3 /* Me */ = {
			isa = PBXGroup;
			children = (
				627EF66C1CEC9C32005939F3 /* MeTableViewController.h */,
				627EF66D1CEC9C32005939F3 /* MeTableViewController.m */,
			);
			name = Me;
			sourceTree = "<group>";
		};
		629FE4BE1CEB414C00BA1910 = {
			isa = PBXGroup;
			children = (
				627EF6681CEC9421005939F3 /* Frameworks */,
				629FE4C91CEB414C00BA1910 /* GoHome */,
				629FE4C81CEB414C00BA1910 /* Products */,
				080A162661B02FE81B499902 /* Pods */,
			);
			sourceTree = "<group>";
		};
		629FE4C81CEB414C00BA1910 /* Products */ = {
			isa = PBXGroup;
			children = (
				629FE4C71CEB414C00BA1910 /* GoHome.app */,
			);
			name = Products;
			sourceTree = "<group>";
		};
		629FE4C91CEB414C00BA1910 /* GoHome */ = {
			isa = PBXGroup;
			children = (
				629FE4CD1CEB414C00BA1910 /* AppDelegate.h */,
				629FE4CE1CEB414C00BA1910 /* AppDelegate.m */,
				629FE4D01CEB414C00BA1910 /* ViewController.h */,
				629FE4D11CEB414C00BA1910 /* ViewController.m */,
				629FE4D61CEB414C00BA1910 /* Assets.xcassets */,
				627EF6691CEC97CC005939F3 /* Model */,
				627EF66A1CEC982C005939F3 /* Contrtollers */,
				629FE4D81CEB414C00BA1910 /* LaunchScreen.storyboard */,
				627EF6621CEC60F5005939F3 /* Third */,
				629FE4DB1CEB414C00BA1910 /* Info.plist */,
				629FE4CA1CEB414C00BA1910 /* Supporting Files */,
			);
			path = GoHome;
			sourceTree = "<group>";
		};
		629FE4CA1CEB414C00BA1910 /* Supporting Files */ = {
			isa = PBXGroup;
			children = (
				629FE4CB1CEB414C00BA1910 /* main.m */,
			);
			name = "Supporting Files";
			sourceTree = "<group>";
		};
		629FE4E11CEB417600BA1910 /* Login */ = {
			isa = PBXGroup;
			children = (
				629FE4E21CEB419C00BA1910 /* LoginViewController.h */,
				629FE4E31CEB419C00BA1910 /* LoginViewController.m */,
			);
			name = Login;
			path = ..;
			sourceTree = "<group>";
		};
		629FE4E51CEB41A100BA1910 /* Register */ = {
			isa = PBXGroup;
			children = (
				629FE4E61CEB41BB00BA1910 /* RegisterViewController.h */,
				629FE4E71CEB41BB00BA1910 /* RegisterViewController.m */,
			);
			name = Register;
			path = ..;
			sourceTree = "<group>";
		};
/* End PBXGroup section */

/* Begin PBXNativeTarget section */
		629FE4C61CEB414C00BA1910 /* GoHome */ = {
			isa = PBXNativeTarget;
			buildConfigurationList = 629FE4DE1CEB414C00BA1910 /* Build configuration list for PBXNativeTarget "GoHome" */;
			buildPhases = (
				18F58BECA93F8A4124E71233 /* 📦 Check Pods Manifest.lock */,
				629FE4C31CEB414C00BA1910 /* Sources */,
				629FE4C41CEB414C00BA1910 /* Frameworks */,
				629FE4C51CEB414C00BA1910 /* Resources */,
				88431AD8C91DEF4A26A2DBC2 /* 📦 Embed Pods Frameworks */,
				9CD6D1B2EDDF17D9029FA6D0 /* 📦 Copy Pods Resources */,
			);
			buildRules = (
			);
			dependencies = (
			);
			name = GoHome;
			productName = GoHome;
			productReference = 629FE4C71CEB414C00BA1910 /* GoHome.app */;
			productType = "com.apple.product-type.application";
		};
/* End PBXNativeTarget section */

/* Begin PBXProject section */
		629FE4BF1CEB414C00BA1910 /* Project object */ = {
			isa = PBXProject;
			attributes = {
				LastUpgradeCheck = 0720;
				ORGANIZATIONNAME = "朱亚如";
				TargetAttributes = {
					629FE4C61CEB414C00BA1910 = {
						CreatedOnToolsVersion = 7.2.1;
					};
				};
			};
			buildConfigurationList = 629FE4C21CEB414C00BA1910 /* Build configuration list for PBXProject "GoHome" */;
			compatibilityVersion = "Xcode 3.2";
			developmentRegion = English;
			hasScannedForEncodings = 0;
			knownRegions = (
				en,
				Base,
			);
			mainGroup = 629FE4BE1CEB414C00BA1910;
			productRefGroup = 629FE4C81CEB414C00BA1910 /* Products */;
			projectDirPath = "";
			projectRoot = "";
			targets = (
				629FE4C61CEB414C00BA1910 /* GoHome */,
			);
		};
/* End PBXProject section */

/* Begin PBXResourcesBuildPhase section */
		629FE4C51CEB414C00BA1910 /* Resources */ = {
			isa = PBXResourcesBuildPhase;
			buildActionMask = 2147483647;
			files = (
				629FE4DA1CEB414C00BA1910 /* LaunchScreen.storyboard in Resources */,
				629FE4D71CEB414C00BA1910 /* Assets.xcassets in Resources */,
				627EF6721CEC9C52005939F3 /* Main.storyboard in Resources */,
				629FE4D51CEB414C00BA1910 /* Login_Register.storyboard in Resources */,
			);
			runOnlyForDeploymentPostprocessing = 0;
		};
/* End PBXResourcesBuildPhase section */

/* Begin PBXShellScriptBuildPhase section */
		18F58BECA93F8A4124E71233 /* 📦 Check Pods Manifest.lock */ = {
			isa = PBXShellScriptBuildPhase;
			buildActionMask = 2147483647;
			files = (
			);
			inputPaths = (
			);
			name = "📦 Check Pods Manifest.lock";
			outputPaths = (
			);
			runOnlyForDeploymentPostprocessing = 0;
			shellPath = /bin/sh;
			shellScript = "diff \"${PODS_ROOT}/../Podfile.lock\" \"${PODS_ROOT}/Manifest.lock\" > /dev/null\nif [[ $? != 0 ]] ; then\n    cat << EOM\nerror: The sandbox is not in sync with the Podfile.lock. Run 'pod install' or update your CocoaPods installation.\nEOM\n    exit 1\nfi\n";
			showEnvVarsInLog = 0;
		};
		88431AD8C91DEF4A26A2DBC2 /* 📦 Embed Pods Frameworks */ = {
			isa = PBXShellScriptBuildPhase;
			buildActionMask = 2147483647;
			files = (
			);
			inputPaths = (
			);
			name = "📦 Embed Pods Frameworks";
			outputPaths = (
			);
			runOnlyForDeploymentPostprocessing = 0;
			shellPath = /bin/sh;
			shellScript = "\"${SRCROOT}/Pods/Target Support Files/Pods-GoHome/Pods-GoHome-frameworks.sh\"\n";
			showEnvVarsInLog = 0;
		};
		9CD6D1B2EDDF17D9029FA6D0 /* 📦 Copy Pods Resources */ = {
			isa = PBXShellScriptBuildPhase;
			buildActionMask = 2147483647;
			files = (
			);
			inputPaths = (
			);
			name = "📦 Copy Pods Resources";
			outputPaths = (
			);
			runOnlyForDeploymentPostprocessing = 0;
			shellPath = /bin/sh;
			shellScript = "\"${SRCROOT}/Pods/Target Support Files/Pods-GoHome/Pods-GoHome-resources.sh\"\n";
			showEnvVarsInLog = 0;
		};
/* End PBXShellScriptBuildPhase section */

/* Begin PBXSourcesBuildPhase section */
		629FE4C31CEB414C00BA1910 /* Sources */ = {
			isa = PBXSourcesBuildPhase;
			buildActionMask = 2147483647;
			files = (
				629FE4E81CEB41BB00BA1910 /* RegisterViewController.m in Sources */,
				629FE4E41CEB419C00BA1910 /* LoginViewController.m in Sources */,
				627EF6761CEC9E03005939F3 /* RootViewController.m in Sources */,
				627EF6611CEC5776005939F3 /* YanZheng.m in Sources */,
				629FE4D21CEB414C00BA1910 /* ViewController.m in Sources */,
				629FE4CF1CEB414C00BA1910 /* AppDelegate.m in Sources */,
				627EF66F1CEC9C32005939F3 /* MeTableViewController.m in Sources */,
				629FE4CC1CEB414C00BA1910 /* main.m in Sources */,
			);
			runOnlyForDeploymentPostprocessing = 0;
		};
/* End PBXSourcesBuildPhase section */

/* Begin PBXVariantGroup section */
		629FE4D31CEB414C00BA1910 /* Login_Register.storyboard */ = {
			isa = PBXVariantGroup;
			children = (
				629FE4D41CEB414C00BA1910 /* Base */,
			);
			name = Login_Register.storyboard;
			path = ..;
			sourceTree = "<group>";
		};
		629FE4D81CEB414C00BA1910 /* LaunchScreen.storyboard */ = {
			isa = PBXVariantGroup;
			children = (
				629FE4D91CEB414C00BA1910 /* Base */,
			);
			name = LaunchScreen.storyboard;
			sourceTree = "<group>";
		};
/* End PBXVariantGroup section */

/* Begin XCBuildConfiguration section */
		629FE4DC1CEB414C00BA1910 /* Debug */ = {
			isa = XCBuildConfiguration;
			buildSettings = {
				ALWAYS_SEARCH_USER_PATHS = NO;
				CLANG_CXX_LANGUAGE_STANDARD = "gnu++0x";
				CLANG_CXX_LIBRARY = "libc++";
				CLANG_ENABLE_MODULES = YES;
				CLANG_ENABLE_OBJC_ARC = YES;
				CLANG_WARN_BOOL_CONVERSION = YES;
				CLANG_WARN_CONSTANT_CONVERSION = YES;
				CLANG_WARN_DIRECT_OBJC_ISA_USAGE = YES_ERROR;
				CLANG_WARN_EMPTY_BODY = YES;
				CLANG_WARN_ENUM_CONVERSION = YES;
				CLANG_WARN_INT_CONVERSION = YES;
				CLANG_WARN_OBJC_ROOT_CLASS = YES_ERROR;
				CLANG_WARN_UNREACHABLE_CODE = YES;
				CLANG_WARN__DUPLICATE_METHOD_MATCH = YES;
				"CODE_SIGN_IDENTITY[sdk=iphoneos*]" = "iPhone Developer";
				COPY_PHASE_STRIP = NO;
				DEBUG_INFORMATION_FORMAT = dwarf;
				ENABLE_STRICT_OBJC_MSGSEND = YES;
				ENABLE_TESTABILITY = YES;
				GCC_C_LANGUAGE_STANDARD = gnu99;
				GCC_DYNAMIC_NO_PIC = NO;
				GCC_NO_COMMON_BLOCKS = YES;
				GCC_OPTIMIZATION_LEVEL = 0;
				GCC_PREPROCESSOR_DEFINITIONS = (
					"DEBUG=1",
					"$(inherited)",
				);
				GCC_WARN_64_TO_32_BIT_CONVERSION = YES;
				GCC_WARN_ABOUT_RETURN_TYPE = YES_ERROR;
				GCC_WARN_UNDECLARED_SELECTOR = YES;
				GCC_WARN_UNINITIALIZED_AUTOS = YES_AGGRESSIVE;
				GCC_WARN_UNUSED_FUNCTION = YES;
				GCC_WARN_UNUSED_VARIABLE = YES;
				IPHONEOS_DEPLOYMENT_TARGET = 9.2;
				MTL_ENABLE_DEBUG_INFO = YES;
				ONLY_ACTIVE_ARCH = YES;
				SDKROOT = iphoneos;
				TARGETED_DEVICE_FAMILY = "1,2";
			};
			name = Debug;
		};
		629FE4DD1CEB414C00BA1910 /* Release */ = {
			isa = XCBuildConfiguration;
			buildSettings = {
				ALWAYS_SEARCH_USER_PATHS = NO;
				CLANG_CXX_LANGUAGE_STANDARD = "gnu++0x";
				CLANG_CXX_LIBRARY = "libc++";
				CLANG_ENABLE_MODULES = YES;
				CLANG_ENABLE_OBJC_ARC = YES;
				CLANG_WARN_BOOL_CONVERSION = YES;
				CLANG_WARN_CONSTANT_CONVERSION = YES;
				CLANG_WARN_DIRECT_OBJC_ISA_USAGE = YES_ERROR;
				CLANG_WARN_EMPTY_BODY = YES;
				CLANG_WARN_ENUM_CONVERSION = YES;
				CLANG_WARN_INT_CONVERSION = YES;
				CLANG_WARN_OBJC_ROOT_CLASS = YES_ERROR;
				CLANG_WARN_UNREACHABLE_CODE = YES;
				CLANG_WARN__DUPLICATE_METHOD_MATCH = YES;
				"CODE_SIGN_IDENTITY[sdk=iphoneos*]" = "iPhone Developer";
				COPY_PHASE_STRIP = NO;
				DEBUG_INFORMATION_FORMAT = "dwarf-with-dsym";
				ENABLE_NS_ASSERTIONS = NO;
				ENABLE_STRICT_OBJC_MSGSEND = YES;
				GCC_C_LANGUAGE_STANDARD = gnu99;
				GCC_NO_COMMON_BLOCKS = YES;
				GCC_WARN_64_TO_32_BIT_CONVERSION = YES;
				GCC_WARN_ABOUT_RETURN_TYPE = YES_ERROR;
				GCC_WARN_UNDECLARED_SELECTOR = YES;
				GCC_WARN_UNINITIALIZED_AUTOS = YES_AGGRESSIVE;
				GCC_WARN_UNUSED_FUNCTION = YES;
				GCC_WARN_UNUSED_VARIABLE = YES;
				IPHONEOS_DEPLOYMENT_TARGET = 9.2;
				MTL_ENABLE_DEBUG_INFO = NO;
				SDKROOT = iphoneos;
				TARGETED_DEVICE_FAMILY = "1,2";
				VALIDATE_PRODUCT = YES;
			};
			name = Release;
		};
		629FE4DF1CEB414C00BA1910 /* Debug */ = {
			isa = XCBuildConfiguration;
			baseConfigurationReference = BD06C1AADA06B50CC95A77E9 /* Pods-GoHome.debug.xcconfig */;
			buildSettings = {
				ASSETCATALOG_COMPILER_APPICON_NAME = AppIcon;
				INFOPLIST_FILE = GoHome/Info.plist;
				LD_RUNPATH_SEARCH_PATHS = "$(inherited) @executable_path/Frameworks";
				PRODUCT_BUNDLE_IDENTIFIER = lkjy.GoHome;
				PRODUCT_NAME = "$(TARGET_NAME)";
			};
			name = Debug;
		};
		629FE4E01CEB414C00BA1910 /* Release */ = {
			isa = XCBuildConfiguration;
			baseConfigurationReference = 492CE53A685769508EFB7117 /* Pods-GoHome.release.xcconfig */;
			buildSettings = {
				ASSETCATALOG_COMPILER_APPICON_NAME = AppIcon;
				INFOPLIST_FILE = GoHome/Info.plist;
				LD_RUNPATH_SEARCH_PATHS = "$(inherited) @executable_path/Frameworks";
				PRODUCT_BUNDLE_IDENTIFIER = lkjy.GoHome;
				PRODUCT_NAME = "$(TARGET_NAME)";
			};
			name = Release;
		};
/* End XCBuildConfiguration section */

/* Begin XCConfigurationList section */
		629FE4C21CEB414C00BA1910 /* Build configuration list for PBXProject "GoHome" */ = {
			isa = XCConfigurationList;
			buildConfigurations = (
				629FE4DC1CEB414C00BA1910 /* Debug */,
				629FE4DD1CEB414C00BA1910 /* Release */,
			);
			defaultConfigurationIsVisible = 0;
			defaultConfigurationName = Release;
		};
		629FE4DE1CEB414C00BA1910 /* Build configuration list for PBXNativeTarget "GoHome" */ = {
			isa = XCConfigurationList;
			buildConfigurations = (
				629FE4DF1CEB414C00BA1910 /* Debug */,
				629FE4E01CEB414C00BA1910 /* Release */,
			);
			defaultConfigurationIsVisible = 0;
			defaultConfigurationName = Release;
		};
/* End XCConfigurationList section */
	};
	rootObject = 629FE4BF1CEB414C00BA1910 /* Project object */;
}
